Microsoft Visual Studio Solution File, Format Version 12.00
# Visual Studio Version 17
VisualStudioVersion = 17.5.2.0
MinimumVisualStudioVersion = 10.0.40219.1
Project("{FAE04EC0-301F-11D3-BF4B-00C04F79EFBC}") = "CafeteriaApp", "CafeteriaApp.csproj", "{C49B9C17-FF37-998F-DD86-1EED93D09448}"
EndProject
Global
	GlobalSection(SolutionConfigurationPlatforms) = preSolution
		Debug|Any CPU = Debug|Any CPU
		Release|Any CPU = Release|Any CPU
	EndGlobalSection
	GlobalSection(ProjectConfigurationPlatforms) = postSolution
		{C49B9C17-FF37-998F-DD86-1EED93D09448}.Debug|Any CPU.ActiveCfg = Debug|Any CPU
		{C49B9C17-FF37-998F-DD86-1EED93D09448}.Debug|Any CPU.Build.0 = Debug|Any CPU
		{C49B9C17-FF37-998F-DD86-1EED93D09448}.Release|Any CPU.ActiveCfg = Release|Any CPU
		{C49B9C17-FF37-998F-DD86-1EED93D09448}.Release|Any CPU.Build.0 = Release|Any CPU
	EndGlobalSection
	GlobalSection(SolutionProperties) = preSolution
		HideSolutionNode = FALSE
	EndGlobalSection
	GlobalSection(ExtensibilityGlobals) = postSolution
		SolutionGuid = {5B4FD693-81BC-408A-9EED-A8F17F050573}
	EndGlobalSection
EndGlobal
